// !$*UTF8*$!
{
	archiveVersion = 1;
	classes = {
	};
	objectVersion = 46;
	objects = {

/* Begin PBXBuildFile section */
		72CF2CB31AEE9A53003F3322 /* main.m in Sources */ = {isa = PBXBuildFile; fileRef = 72CF2CB21AEE9A53003F3322 /* main.m */; };
		72CF2CB61AEE9A53003F3322 /* AppDelegate.m in Sources */ = {isa = PBXBuildFile; fileRef = 72CF2CB51AEE9A53003F3322 /* AppDelegate.m */; };
		72CF2CB91AEE9A53003F3322 /* ViewController.m in Sources */ = {isa = PBXBuildFile; fileRef = 72CF2CB81AEE9A53003F3322 /* ViewController.m */; };
		72CF2CBC1AEE9A53003F3322 /* Main.storyboard in Resources */ = {isa = PBXBuildFile; fileRef = 72CF2CBA1AEE9A53003F3322 /* Main.storyboard */; };
		72CF2CBE1AEE9A53003F3322 /* Images.xcassets in Resources */ = {isa = PBXBuildFile; fileRef = 72CF2CBD1AEE9A53003F3322 /* Images.xcassets */; };
		72CF2CC11AEE9A53003F3322 /* LaunchScreen.xib in Resources */ = {isa = PBXBuildFile; fileRef = 72CF2CBF1AEE9A53003F3322 /* LaunchScreen.xib */; };
		72CF2CCD1AEE9A54003F3322 /* HalalMapperTests.m in Sources */ = {isa = PBXBuildFile; fileRef = 72CF2CCC1AEE9A54003F3322 /* HalalMapperTests.m */; };
		72CF2CD71AEE9C68003F3322 /* MapKit.framework in Frameworks */ = {isa = PBXBuildFile; fileRef = 72CF2CD61AEE9C68003F3322 /* MapKit.framework */; };
		72CF2CD91AEE9CBA003F3322 /* CoreLocation.framework in Frameworks */ = {isa = PBXBuildFile; fileRef = 72CF2CD81AEE9CBA003F3322 /* CoreLocation.framework */; };
		CEE47DDC1AF12AF0009D6C49 /* GoogleMaps.bundle in Resources */ = {isa = PBXBuildFile; fileRef = CEE47DDB1AF12AF0009D6C49 /* GoogleMaps.bundle */; };
		CEE47DDE1AF12B1E009D6C49 /* AVFoundation.framework in Frameworks */ = {isa = PBXBuildFile; fileRef = CEE47DDD1AF12B1E009D6C49 /* AVFoundation.framework */; };
		CEE47DE01AF12B3D009D6C49 /* CoreData.framework in Frameworks */ = {isa = PBXBuildFile; fileRef = CEE47DDF1AF12B3D009D6C49 /* CoreData.framework */; };
		CEE47DE21AF12B45009D6C49 /* CoreText.framework in Frameworks */ = {isa = PBXBuildFile; fileRef = CEE47DE11AF12B45009D6C49 /* CoreText.framework */; };
		CEE47DE41AF12B4F009D6C49 /* GLKit.framework in Frameworks */ = {isa = PBXBuildFile; fileRef = CEE47DE31AF12B4F009D6C49 /* GLKit.framework */; };
		CEE47DE61AF12B58009D6C49 /* ImageIO.framework in Frameworks */ = {isa = PBXBuildFile; fileRef = CEE47DE51AF12B57009D6C49 /* ImageIO.framework */; };
		CEE47DE81AF12B65009D6C49 /* libc++.dylib in Frameworks */ = {isa = PBXBuildFile; fileRef = CEE47DE71AF12B65009D6C49 /* libc++.dylib */; };
		CEE47DEA1AF12B79009D6C49 /* libicucore.dylib in Frameworks */ = {isa = PBXBuildFile; fileRef = CEE47DE91AF12B79009D6C49 /* libicucore.dylib */; };
		CEE47DEC1AF12B81009D6C49 /* libz.dylib in Frameworks */ = {isa = PBXBuildFile; fileRef = CEE47DEB1AF12B81009D6C49 /* libz.dylib */; };
		CEE47DEE1AF12B88009D6C49 /* OpenGLES.framework in Frameworks */ = {isa = PBXBuildFile; fileRef = CEE47DED1AF12B88009D6C49 /* OpenGLES.framework */; };
		CEE47DF01AF12B8E009D6C49 /* QuartzCore.framework in Frameworks */ = {isa = PBXBuildFile; fileRef = CEE47DEF1AF12B8E009D6C49 /* QuartzCore.framework */; };
		CEE47DF21AF12B98009D6C49 /* SystemConfiguration.framework in Frameworks */ = {isa = PBXBuildFile; fileRef = CEE47DF11AF12B98009D6C49 /* SystemConfiguration.framework */; };
		CEE47DF41AF16757009D6C49 /* GoogleMaps.framework in Frameworks */ = {isa = PBXBuildFile; fileRef = CEE47DF31AF16756009D6C49 /* GoogleMaps.framework */; };
/* End PBXBuildFile section */

/* Begin PBXContainerItemProxy section */
		72CF2CC71AEE9A54003F3322 /* PBXContainerItemProxy */ = {
			isa = PBXContainerItemProxy;
			containerPortal = 72CF2CA51AEE9A53003F3322 /* Project object */;
			proxyType = 1;
			remoteGlobalIDString = 72CF2CAC1AEE9A53003F3322;
			remoteInfo = HalalMapper;
		};
/* End PBXContainerItemProxy section */

/* Begin PBXFileReference section */
		72CF2CAD1AEE9A53003F3322 /* HalalMapper.app */ = {isa = PBXFileReference; explicitFileType = wrapper.application; includeInIndex = 0; path = HalalMapper.app; sourceTree = BUILT_PRODUCTS_DIR; };
		72CF2CB11AEE9A53003F3322 /* Info.plist */ = {isa = PBXFileReference; lastKnownFileType = text.plist.xml; path = Info.plist; sourceTree = "<group>"; };
		72CF2CB21AEE9A53003F3322 /* main.m */ = {isa = PBXFileReference; lastKnownFileType = sourcecode.c.objc; path = main.m; sourceTree = "<group>"; };
		72CF2CB41AEE9A53003F3322 /* AppDelegate.h */ = {isa = PBXFileReference; lastKnownFileType = sourcecode.c.h; path = AppDelegate.h; sourceTree = "<group>"; };
		72CF2CB51AEE9A53003F3322 /* AppDelegate.m */ = {isa = PBXFileReference; lastKnownFileType = sourcecode.c.objc; path = AppDelegate.m; sourceTree = "<group>"; };
		72CF2CB71AEE9A53003F3322 /* ViewController.h */ = {isa = PBXFileReference; lastKnownFileType = sourcecode.c.h; path = ViewController.h; sourceTree = "<group>"; };
		72CF2CB81AEE9A53003F3322 /* ViewController.m */ = {isa = PBXFileReference; lastKnownFileType = sourcecode.c.objc; path = ViewController.m; sourceTree = "<group>"; };
		72CF2CBB1AEE9A53003F3322 /* Base */ = {isa = PBXFileReference; lastKnownFileType = file.storyboard; name = Base; path = Base.lproj/Main.storyboard; sourceTree = "<group>"; };
		72CF2CBD1AEE9A53003F3322 /* Images.xcassets */ = {isa = PBXFileReference; lastKnownFileType = folder.assetcatalog; path = Images.xcassets; sourceTree = "<group>"; };
		72CF2CC01AEE9A53003F3322 /* Base */ = {isa = PBXFileReference; lastKnownFileType = file.xib; name = Base; path = Base.lproj/LaunchScreen.xib; sourceTree = "<group>"; };
		72CF2CC61AEE9A54003F3322 /* HalalMapperTests.xctest */ = {isa = PBXFileReference; explicitFileType = wrapper.cfbundle; includeInIndex = 0; path = HalalMapperTests.xctest; sourceTree = BUILT_PRODUCTS_DIR; };
		72CF2CCB1AEE9A54003F3322 /* Info.plist */ = {isa = PBXFileReference; lastKnownFileType = text.plist.xml; path = Info.plist; sourceTree = "<group>"; };
		72CF2CCC1AEE9A54003F3322 /* HalalMapperTests.m */ = {isa = PBXFileReference; lastKnownFileType = sourcecode.c.objc; path = HalalMapperTests.m; sourceTree = "<group>"; };
		72CF2CD61AEE9C68003F3322 /* MapKit.framework */ = {isa = PBXFileReference; lastKnownFileType = wrapper.framework; name = MapKit.framework; path = System/Library/Frameworks/MapKit.framework; sourceTree = SDKROOT; };
		72CF2CD81AEE9CBA003F3322 /* CoreLocation.framework */ = {isa = PBXFileReference; lastKnownFileType = wrapper.framework; name = CoreLocation.framework; path = System/Library/Frameworks/CoreLocation.framework; sourceTree = SDKROOT; };
		CEE47DD91AF1277D009D6C49 /* GoogleMaps.framework */ = {isa = PBXFileReference; lastKnownFileType = wrapper.framework; name = GoogleMaps.framework; path = "../../../../Downloads/GoogleMaps-iOS-1.9.2/GoogleMaps.framework"; sourceTree = "<group>"; };
		CEE47DDB1AF12AF0009D6C49 /* GoogleMaps.bundle */ = {isa = PBXFileReference; lastKnownFileType = "wrapper.plug-in"; path = GoogleMaps.bundle; sourceTree = "<group>"; };
		CEE47DDD1AF12B1E009D6C49 /* AVFoundation.framework */ = {isa = PBXFileReference; lastKnownFileType = wrapper.framework; name = AVFoundation.framework; path = System/Library/Frameworks/AVFoundation.framework; sourceTree = SDKROOT; };
		CEE47DDF1AF12B3D009D6C49 /* CoreData.framework */ = {isa = PBXFileReference; lastKnownFileType = wrapper.framework; name = CoreData.framework; path = System/Library/Frameworks/CoreData.framework; sourceTree = SDKROOT; };
		CEE47DE11AF12B45009D6C49 /* CoreText.framework */ = {isa = PBXFileReference; lastKnownFileType = wrapper.framework; name = CoreText.framework; path = System/Library/Frameworks/CoreText.framework; sourceTree = SDKROOT; };
		CEE47DE31AF12B4F009D6C49 /* GLKit.framework */ = {isa = PBXFileReference; lastKnownFileType = wrapper.framework; name = GLKit.framework; path = System/Library/Frameworks/GLKit.framework; sourceTree = SDKROOT; };
		CEE47DE51AF12B57009D6C49 /* ImageIO.framework */ = {isa = PBXFileReference; lastKnownFileType = wrapper.framework; name = ImageIO.framework; path = System/Library/Frameworks/ImageIO.framework; sourceTree = SDKROOT; };
		CEE47DE71AF12B65009D6C49 /* libc++.dylib */ = {isa = PBXFileReference; lastKnownFileType = "compiled.mach-o.dylib"; name = "libc++.dylib"; path = "usr/lib/libc++.dylib"; sourceTree = SDKROOT; };
		CEE47DE91AF12B79009D6C49 /* libicucore.dylib */ = {isa = PBXFileReference; lastKnownFileType = "compiled.mach-o.dylib"; name = libicucore.dylib; path = usr/lib/libicucore.dylib; sourceTree = SDKROOT; };
		CEE47DEB1AF12B81009D6C49 /* libz.dylib */ = {isa = PBXFileReference; lastKnownFileType = "compiled.mach-o.dylib"; name = libz.dylib; path = usr/lib/libz.dylib; sourceTree = SDKROOT; };
		CEE47DED1AF12B88009D6C49 /* OpenGLES.framework */ = {isa = PBXFileReference; lastKnownFileType = wrapper.framework; name = OpenGLES.framework; path = System/Library/Frameworks/OpenGLES.framework; sourceTree = SDKROOT; };
		CEE47DEF1AF12B8E009D6C49 /* QuartzCore.framework */ = {isa = PBXFileReference; lastKnownFileType = wrapper.framework; name = QuartzCore.framework; path = System/Library/Frameworks/QuartzCore.framework; sourceTree = SDKROOT; };
		CEE47DF11AF12B98009D6C49 /* SystemConfiguration.framework */ = {isa = PBXFileReference; lastKnownFileType = wrapper.framework; name = SystemConfiguration.framework; path = System/Library/Frameworks/SystemConfiguration.framework; sourceTree = SDKROOT; };
		CEE47DF31AF16756009D6C49 /* GoogleMaps.framework */ = {isa = PBXFileReference; lastKnownFileType = wrapper.framework; name = GoogleMaps.framework; path = "GoogleMaps-iOS-1.9.2/GoogleMaps.framework"; sourceTree = "<group>"; };
/* End PBXFileReference section */

/* Begin PBXFrameworksBuildPhase section */
		72CF2CAA1AEE9A53003F3322 /* Frameworks */ = {
			isa = PBXFrameworksBuildPhase;
			buildActionMask = 2147483647;
			files = (
				CEE47DF41AF16757009D6C49 /* GoogleMaps.framework in Frameworks */,
				CEE47DF21AF12B98009D6C49 /* SystemConfiguration.framework in Frameworks */,
				CEE47DF01AF12B8E009D6C49 /* QuartzCore.framework in Frameworks */,
				CEE47DEE1AF12B88009D6C49 /* OpenGLES.framework in Frameworks */,
				CEE47DEC1AF12B81009D6C49 /* libz.dylib in Frameworks */,
				CEE47DEA1AF12B79009D6C49 /* libicucore.dylib in Frameworks */,
				CEE47DE81AF12B65009D6C49 /* libc++.dylib in Frameworks */,
				CEE47DE61AF12B58009D6C49 /* ImageIO.framework in Frameworks */,
				CEE47DE41AF12B4F009D6C49 /* GLKit.framework in Frameworks */,
				CEE47DE21AF12B45009D6C49 /* CoreText.framework in Frameworks */,
				CEE47DE01AF12B3D009D6C49 /* CoreData.framework in Frameworks */,
				CEE47DDE1AF12B1E009D6C49 /* AVFoundation.framework in Frameworks */,
				72CF2CD91AEE9CBA003F3322 /* CoreLocation.framework in Frameworks */,
				72CF2CD71AEE9C68003F3322 /* MapKit.framework in Frameworks */,
			);
			runOnlyForDeploymentPostprocessing = 0;
		};
		72CF2CC31AEE9A54003F3322 /* Frameworks */ = {
			isa = PBXFrameworksBuildPhase;
			buildActionMask = 2147483647;
			files = (
			);
			runOnlyForDeploymentPostprocessing = 0;
		};
/* End PBXFrameworksBuildPhase section */

/* Begin PBXGroup section */
		72CF2CA41AEE9A53003F3322 = {
			isa = PBXGroup;
			children = (
				CEE47DF31AF16756009D6C49 /* GoogleMaps.framework */,
				CEE47DF11AF12B98009D6C49 /* SystemConfiguration.framework */,
				CEE47DEF1AF12B8E009D6C49 /* QuartzCore.framework */,
				CEE47DED1AF12B88009D6C49 /* OpenGLES.framework */,
				CEE47DEB1AF12B81009D6C49 /* libz.dylib */,
				CEE47DE91AF12B79009D6C49 /* libicucore.dylib */,
				CEE47DE71AF12B65009D6C49 /* libc++.dylib */,
				CEE47DE51AF12B57009D6C49 /* ImageIO.framework */,
				CEE47DE31AF12B4F009D6C49 /* GLKit.framework */,
				CEE47DE11AF12B45009D6C49 /* CoreText.framework */,
				CEE47DDF1AF12B3D009D6C49 /* CoreData.framework */,
				CEE47DDD1AF12B1E009D6C49 /* AVFoundation.framework */,
				CEE47DDB1AF12AF0009D6C49 /* GoogleMaps.bundle */,
				CEE47DD91AF1277D009D6C49 /* GoogleMaps.framework */,
				72CF2CD81AEE9CBA003F3322 /* CoreLocation.framework */,
				72CF2CD61AEE9C68003F3322 /* MapKit.framework */,
				72CF2CAF1AEE9A53003F3322 /* HalalMapper */,
				72CF2CC91AEE9A54003F3322 /* HalalMapperTests */,
				72CF2CAE1AEE9A53003F3322 /* Products */,
			);
			sourceTree = "<group>";
		};
		72CF2CAE1AEE9A53003F3322 /* Products */ = {
			isa = PBXGroup;
			children = (
				72CF2CAD1AEE9A53003F3322 /* HalalMapper.app */,
				72CF2CC61AEE9A54003F3322 /* HalalMapperTests.xctest */,
			);
			name = Products;
			sourceTree = "<group>";
		};
		72CF2CAF1AEE9A53003F3322 /* HalalMapper */ = {
			isa = PBXGroup;
			children = (
				72CF2CB41AEE9A53003F3322 /* AppDelegate.h */,
				72CF2CB51AEE9A53003F3322 /* AppDelegate.m */,
				72CF2CB71AEE9A53003F3322 /* ViewController.h */,
				72CF2CB81AEE9A53003F3322 /* ViewController.m */,
				72CF2CBA1AEE9A53003F3322 /* Main.storyboard */,
				72CF2CBD1AEE9A53003F3322 /* Images.xcassets */,
				72CF2CBF1AEE9A53003F3322 /* LaunchScreen.xib */,
				72CF2CB01AEE9A53003F3322 /* Supporting Files */,
			);
			path = HalalMapper;
			sourceTree = "<group>";
		};
		72CF2CB01AEE9A53003F3322 /* Supporting Files */ = {
			isa = PBXGroup;
			children = (
				72CF2CB11AEE9A53003F3322 /* Info.plist */,
				72CF2CB21AEE9A53003F3322 /* main.m */,
			);
			name = "Supporting Files";
			sourceTree = "<group>";
		};
		72CF2CC91AEE9A54003F3322 /* HalalMapperTests */ = {
			isa = PBXGroup;
			children = (
				72CF2CCC1AEE9A54003F3322 /* HalalMapperTests.m */,
				72CF2CCA1AEE9A54003F3322 /* Supporting Files */,
			);
			path = HalalMapperTests;
			sourceTree = "<group>";
		};
		72CF2CCA1AEE9A54003F3322 /* Supporting Files */ = {
			isa = PBXGroup;
			children = (
				72CF2CCB1AEE9A54003F3322 /* Info.plist */,
			);
			name = "Supporting Files";
			sourceTree = "<group>";
		};
/* End PBXGroup section */

/* Begin PBXNativeTarget section */
		72CF2CAC1AEE9A53003F3322 /* HalalMapper */ = {
			isa = PBXNativeTarget;
			buildConfigurationList = 72CF2CD01AEE9A54003F3322 /* Build configuration list for PBXNativeTarget "HalalMapper" */;
			buildPhases = (
				72CF2CA91AEE9A53003F3322 /* Sources */,
				72CF2CAA1AEE9A53003F3322 /* Frameworks */,
				72CF2CAB1AEE9A53003F3322 /* Resources */,
			);
			buildRules = (
			);
			dependencies = (
			);
			name = HalalMapper;
			productName = HalalMapper;
			productReference = 72CF2CAD1AEE9A53003F3322 /* HalalMapper.app */;
			productType = "com.apple.product-type.application";
		};
		72CF2CC51AEE9A54003F3322 /* HalalMapperTests */ = {
			isa = PBXNativeTarget;
			buildConfigurationList = 72CF2CD31AEE9A54003F3322 /* Build configuration list for PBXNativeTarget "HalalMapperTests" */;
			buildPhases = (
				72CF2CC21AEE9A54003F3322 /* Sources */,
				72CF2CC31AEE9A54003F3322 /* Frameworks */,
				72CF2CC41AEE9A54003F3322 /* Resources */,
			);
			buildRules = (
			);
			dependencies = (
				72CF2CC81AEE9A54003F3322 /* PBXTargetDependency */,
			);
			name = HalalMapperTests;
			productName = HalalMapperTests;
			productReference = 72CF2CC61AEE9A54003F3322 /* HalalMapperTests.xctest */;
			productType = "com.apple.product-type.bundle.unit-test";
		};
/* End PBXNativeTarget section */

/* Begin PBXProject section */
		72CF2CA51AEE9A53003F3322 /* Project object */ = {
			isa = PBXProject;
			attributes = {
				LastUpgradeCheck = 0630;
				ORGANIZATIONNAME = nyu.edu.;
				TargetAttributes = {
					72CF2CAC1AEE9A53003F3322 = {
						CreatedOnToolsVersion = 6.3.1;
					};
					72CF2CC51AEE9A54003F3322 = {
						CreatedOnToolsVersion = 6.3.1;
						TestTargetID = 72CF2CAC1AEE9A53003F3322;
					};
				};
			};
			buildConfigurationList = 72CF2CA81AEE9A53003F3322 /* Build configuration list for PBXProject "HalalMapper" */;
			compatibilityVersion = "Xcode 3.2";
			developmentRegion = English;
			hasScannedForEncodings = 0;
			knownRegions = (
				en,
				Base,
			);
			mainGroup = 72CF2CA41AEE9A53003F3322;
			productRefGroup = 72CF2CAE1AEE9A53003F3322 /* Products */;
			projectDirPath = "";
			projectRoot = "";
			targets = (
				72CF2CAC1AEE9A53003F3322 /* HalalMapper */,
				72CF2CC51AEE9A54003F3322 /* HalalMapperTests */,
			);
		};
/* End PBXProject section */

/* Begin PBXResourcesBuildPhase section */
		72CF2CAB1AEE9A53003F3322 /* Resources */ = {
			isa = PBXResourcesBuildPhase;
			buildActionMask = 2147483647;
			files = (
				72CF2CBC1AEE9A53003F3322 /* Main.storyboard in Resources */,
				72CF2CC11AEE9A53003F3322 /* LaunchScreen.xib in Resources */,
				72CF2CBE1AEE9A53003F3322 /* Images.xcassets in Resources */,
				CEE47DDC1AF12AF0009D6C49 /* GoogleMaps.bundle in Resources */,
			);
			runOnlyForDeploymentPostprocessing = 0;
		};
		72CF2CC41AEE9A54003F3322 /* Resources */ = {
			isa = PBXResourcesBuildPhase;
			buildActionMask = 2147483647;
			files = (
			);
			runOnlyForDeploymentPostprocessing = 0;
		};
/* End PBXResourcesBuildPhase section */

/* Begin PBXSourcesBuildPhase section */
		72CF2CA91AEE9A53003F3322 /* Sources */ = {
			isa = PBXSourcesBuildPhase;
			buildActionMask = 2147483647;
			files = (
				72CF2CB91AEE9A53003F3322 /* ViewController.m in Sources */,
				72CF2CB61AEE9A53003F3322 /* AppDelegate.m in Sources */,
				72CF2CB31AEE9A53003F3322 /* main.m in Sources */,
			);
			runOnlyForDeploymentPostprocessing = 0;
		};
		72CF2CC21AEE9A54003F3322 /* Sources */ = {
			isa = PBXSourcesBuildPhase;
			buildActionMask = 2147483647;
			files = (
				72CF2CCD1AEE9A54003F3322 /* HalalMapperTests.m in Sources */,
			);
			runOnlyForDeploymentPostprocessing = 0;
		};
/* End PBXSourcesBuildPhase section */

/* Begin PBXTargetDependency section */
		72CF2CC81AEE9A54003F3322 /* PBXTargetDependency */ = {
			isa = PBXTargetDependency;
			target = 72CF2CAC1AEE9A53003F3322 /* HalalMapper */;
			targetProxy = 72CF2CC71AEE9A54003F3322 /* PBXContainerItemProxy */;
		};
/* End PBXTargetDependency section */

/* Begin PBXVariantGroup section */
		72CF2CBA1AEE9A53003F3322 /* Main.storyboard */ = {
			isa = PBXVariantGroup;
			children = (
				72CF2CBB1AEE9A53003F3322 /* Base */,
			);
			name = Main.storyboard;
			sourceTree = "<group>";
		};
		72CF2CBF1AEE9A53003F3322 /* LaunchScreen.xib */ = {
			isa = PBXVariantGroup;
			children = (
				72CF2CC01AEE9A53003F3322 /* Base */,
			);
			name = LaunchScreen.xib;
			sourceTree = "<group>";
		};
/* End PBXVariantGroup section */

/* Begin XCBuildConfiguration section */
		72CF2CCE1AEE9A54003F3322 /* Debug */ = {
			isa = XCBuildConfiguration;
			buildSettings = {
				ALWAYS_SEARCH_USER_PATHS = NO;
				CLANG_CXX_LANGUAGE_STANDARD = "gnu++0x";
				CLANG_CXX_LIBRARY = "libc++";
				CLANG_ENABLE_MODULES = YES;
				CLANG_ENABLE_OBJC_ARC = YES;
				CLANG_WARN_BOOL_CONVERSION = YES;
				CLANG_WARN_CONSTANT_CONVERSION = YES;
				CLANG_WARN_DIRECT_OBJC_ISA_USAGE = YES_ERROR;
				CLANG_WARN_EMPTY_BODY = YES;
				CLANG_WARN_ENUM_CONVERSION = YES;
				CLANG_WARN_INT_CONVERSION = YES;
				CLANG_WARN_OBJC_ROOT_CLASS = YES_ERROR;
				CLANG_WARN_UNREACHABLE_CODE = YES;
				CLANG_WARN__DUPLICATE_METHOD_MATCH = YES;
				"CODE_SIGN_IDENTITY[sdk=iphoneos*]" = "iPhone Developer";
				COPY_PHASE_STRIP = NO;
				DEBUG_INFORMATION_FORMAT = "dwarf-with-dsym";
				ENABLE_STRICT_OBJC_MSGSEND = YES;
				GCC_C_LANGUAGE_STANDARD = gnu99;
				GCC_DYNAMIC_NO_PIC = NO;
				GCC_NO_COMMON_BLOCKS = YES;
				GCC_OPTIMIZATION_LEVEL = 0;
				GCC_PREPROCESSOR_DEFINITIONS = (
					"DEBUG=1",
					"$(inherited)",
				);
				GCC_SYMBOLS_PRIVATE_EXTERN = NO;
				GCC_WARN_64_TO_32_BIT_CONVERSION = YES;
				GCC_WARN_ABOUT_RETURN_TYPE = YES_ERROR;
				GCC_WARN_UNDECLARED_SELECTOR = YES;
				GCC_WARN_UNINITIALIZED_AUTOS = YES_AGGRESSIVE;
				GCC_WARN_UNUSED_FUNCTION = YES;
				GCC_WARN_UNUSED_VARIABLE = YES;
				IPHONEOS_DEPLOYMENT_TARGET = 8.3;
				MTL_ENABLE_DEBUG_INFO = YES;
				ONLY_ACTIVE_ARCH = YES;
				SDKROOT = iphoneos;
			};
			name = Debug;
		};
		72CF2CCF1AEE9A54003F3322 /* Release */ = {
			isa = XCBuildConfiguration;
			buildSettings = {
				ALWAYS_SEARCH_USER_PATHS = NO;
				CLANG_CXX_LANGUAGE_STANDARD = "gnu++0x";
				CLANG_CXX_LIBRARY = "libc++";
				CLANG_ENABLE_MODULES = YES;
				CLANG_ENABLE_OBJC_ARC = YES;
				CLANG_WARN_BOOL_CONVERSION = YES;
				CLANG_WARN_CONSTANT_CONVERSION = YES;
				CLANG_WARN_DIRECT_OBJC_ISA_USAGE = YES_ERROR;
				CLANG_WARN_EMPTY_BODY = YES;
				CLANG_WARN_ENUM_CONVERSION = YES;
				CLANG_WARN_INT_CONVERSION = YES;
				CLANG_WARN_OBJC_ROOT_CLASS = YES_ERROR;
				CLANG_WARN_UNREACHABLE_CODE = YES;
				CLANG_WARN__DUPLICATE_METHOD_MATCH = YES;
				"CODE_SIGN_IDENTITY[sdk=iphoneos*]" = "iPhone Developer";
				COPY_PHASE_STRIP = NO;
				DEBUG_INFORMATION_FORMAT = "dwarf-with-dsym";
				ENABLE_NS_ASSERTIONS = NO;
				ENABLE_STRICT_OBJC_MSGSEND = YES;
				GCC_C_LANGUAGE_STANDARD = gnu99;
				GCC_NO_COMMON_BLOCKS = YES;
				GCC_WARN_64_TO_32_BIT_CONVERSION = YES;
				GCC_WARN_ABOUT_RETURN_TYPE = YES_ERROR;
				GCC_WARN_UNDECLARED_SELECTOR = YES;
				GCC_WARN_UNINITIALIZED_AUTOS = YES_AGGRESSIVE;
				GCC_WARN_UNUSED_FUNCTION = YES;
				GCC_WARN_UNUSED_VARIABLE = YES;
				IPHONEOS_DEPLOYMENT_TARGET = 8.3;
				MTL_ENABLE_DEBUG_INFO = NO;
				SDKROOT = iphoneos;
				VALIDATE_PRODUCT = YES;
			};
			name = Release;
		};
		72CF2CD11AEE9A54003F3322 /* Debug */ = {
			isa = XCBuildConfiguration;
			buildSettings = {
				ASSETCATALOG_COMPILER_APPICON_NAME = AppIcon;
				FRAMEWORK_SEARCH_PATHS = (
					"$(inherited)",
					"/Users/User/Downloads/GoogleMaps-iOS-1.9.2",
					"$(PROJECT_DIR)/GoogleMaps-iOS-1.9.2",
				);
				INFOPLIST_FILE = HalalMapper/Info.plist;
				LD_RUNPATH_SEARCH_PATHS = "$(inherited) @executable_path/Frameworks";
				OTHER_LDFLAGS = "-ObjC";
				PRODUCT_NAME = "$(TARGET_NAME)";
			};
			name = Debug;
		};
		72CF2CD21AEE9A54003F3322 /* Release */ = {
			isa = XCBuildConfiguration;
			buildSettings = {
				ASSETCATALOG_COMPILER_APPICON_NAME = AppIcon;
				FRAMEWORK_SEARCH_PATHS = (
					"$(inherited)",
					"/Users/User/Downloads/GoogleMaps-iOS-1.9.2",
					"$(PROJECT_DIR)/GoogleMaps-iOS-1.9.2",
				);
				INFOPLIST_FILE = HalalMapper/Info.plist;
				LD_RUNPATH_SEARCH_PATHS = "$(inherited) @executable_path/Frameworks";
				OTHER_LDFLAGS = "-ObjC";
				PRODUCT_NAME = "$(TARGET_NAME)";
			};
			name = Release;
		};
		72CF2CD41AEE9A54003F3322 /* Debug */ = {
			isa = XCBuildConfiguration;
			buildSettings = {
				BUNDLE_LOADER = "$(TEST_HOST)";
				FRAMEWORK_SEARCH_PATHS = (
					"$(SDKROOT)/Developer/Library/Frameworks",
					"$(inherited)",
				);
				GCC_PREPROCESSOR_DEFINITIONS = (
					"DEBUG=1",
					"$(inherited)",
				);
				INFOPLIST_FILE = HalalMapperTests/Info.plist;
				LD_RUNPATH_SEARCH_PATHS = "$(inherited) @executable_path/Frameworks @loader_path/Frameworks";
				PRODUCT_NAME = "$(TARGET_NAME)";
				TEST_HOST = "$(BUILT_PRODUCTS_DIR)/HalalMapper.app/HalalMapper";
			};
			name = Debug;
		};
		72CF2CD51AEE9A54003F3322 /* Release */ = {
			isa = XCBuildConfiguration;
			buildSettings = {
				BUNDLE_LOADER = "$(TEST_HOST)";
				FRAMEWORK_SEARCH_PATHS = (
					"$(SDKROOT)/Developer/Library/Frameworks",
					"$(inherited)",
				);
				INFOPLIST_FILE = HalalMapperTests/Info.plist;
				LD_RUNPATH_SEARCH_PATHS = "$(inherited) @executable_path/Frameworks @loader_path/Frameworks";
				PRODUCT_NAME = "$(TARGET_NAME)";
				TEST_HOST = "$(BUILT_PRODUCTS_DIR)/HalalMapper.app/HalalMapper";
			};
			name = Release;
		};
/* End XCBuildConfiguration section */

/* Begin XCConfigurationList section */
		72CF2CA81AEE9A53003F3322 /* Build configuration list for PBXProject "HalalMapper" */ = {
			isa = XCConfigurationList;
			buildConfigurations = (
				72CF2CCE1AEE9A54003F3322 /* Debug */,
				72CF2CCF1AEE9A54003F3322 /* Release */,
			);
			defaultConfigurationIsVisible = 0;
			defaultConfigurationName = Release;
		};
		72CF2CD01AEE9A54003F3322 /* Build configuration list for PBXNativeTarget "HalalMapper" */ = {
			isa = XCConfigurationList;
			buildConfigurations = (
				72CF2CD11AEE9A54003F3322 /* Debug */,
				72CF2CD21AEE9A54003F3322 /* Release */,
			);
			defaultConfigurationIsVisible = 0;
			defaultConfigurationName = Release;
		};
		72CF2CD31AEE9A54003F3322 /* Build configuration list for PBXNativeTarget "HalalMapperTests" */ = {
			isa = XCConfigurationList;
			buildConfigurations = (
				72CF2CD41AEE9A54003F3322 /* Debug */,
				72CF2CD51AEE9A54003F3322 /* Release */,
			);
			defaultConfigurationIsVisible = 0;
			defaultConfigurationName = Release;
		};
/* End XCConfigurationList section */
	};
	rootObject = 72CF2CA51AEE9A53003F3322 /* Project object */;
}
